
Microsoft Visual Studio Solution File, Format Version 12.00
# Visual Studio Version 16
VisualStudioVersion = 16.0.30002.166
MinimumVisualStudioVersion = 10.0.40219.1
Project("{FAE04EC0-301F-11D3-BF4B-00C04F79EFBC}") = "TddLab", "TddLab\TddLab.csproj", "{BEC7875F-7C30-4543-A3D8-86EA30279BC8}"
EndProject
Project("{FAE04EC0-301F-11D3-BF4B-00C04F79EFBC}") = "TddLab.Test", "TddLab.Test\TddLab.Test.csproj", "{A42B7A07-202E-4565-A770-BB3FA0A1855F}"
EndProject
Global
	GlobalSection(SolutionConfigurationPlatforms) = preSolution
		Debug|Any CPU = Debug|Any CPU
		Release|Any CPU = Release|Any CPU
	EndGlobalSection
	GlobalSection(ProjectConfigurationPlatforms) = postSolution
		{BEC7875F-7C30-4543-A3D8-86EA30279BC8}.Debug|Any CPU.ActiveCfg = Debug|Any CPU
		{BEC7875F-7C30-4543-A3D8-86EA30279BC8}.Debug|Any CPU.Build.0 = Debug|Any CPU
		{BEC7875F-7C30-4543-A3D8-86EA30279BC8}.Release|Any CPU.ActiveCfg = Release|Any CPU
		{BEC7875F-7C30-4543-A3D8-86EA30279BC8}.Release|Any CPU.Build.0 = Release|Any CPU
		{A42B7A07-202E-4565-A770-BB3FA0A1855F}.Debug|Any CPU.ActiveCfg = Debug|Any CPU
		{A42B7A07-202E-4565-A770-BB3FA0A1855F}.Debug|Any CPU.Build.0 = Debug|Any CPU
		{A42B7A07-202E-4565-A770-BB3FA0A1855F}.Release|Any CPU.ActiveCfg = Release|Any CPU
		{A42B7A07-202E-4565-A770-BB3FA0A1855F}.Release|Any CPU.Build.0 = Release|Any CPU
	EndGlobalSection
	GlobalSection(SolutionProperties) = preSolution
		HideSolutionNode = FALSE
	EndGlobalSection
	GlobalSection(ExtensibilityGlobals) = postSolution
		SolutionGuid = {D7BED610-42A9-48CD-8732-8007EFF18FFB}
	EndGlobalSection
EndGlobal
